
Microsoft Visual Studio Solution File, Format Version 12.00
# Visual Studio 15
VisualStudioVersion = 15.0.27703.2035
MinimumVisualStudioVersion = 10.0.40219.1
Project("{FAE04EC0-301F-11D3-BF4B-00C04F79EFBC}") = "MonitoringSystem", "MonitoringSystem\MonitoringSystem.csproj", "{8ADF5C5D-1661-4712-9AEC-B4BDA680DEF5}"
EndProject
Global
	GlobalSection(SolutionConfigurationPlatforms) = preSolution
		Debug|Any CPU = Debug|Any CPU
		Release|Any CPU = Release|Any CPU
	EndGlobalSection
	GlobalSection(ProjectConfigurationPlatforms) = postSolution
		{8ADF5C5D-1661-4712-9AEC-B4BDA680DEF5}.Debug|Any CPU.ActiveCfg = Debug|Any CPU
		{8ADF5C5D-1661-4712-9AEC-B4BDA680DEF5}.Debug|Any CPU.Build.0 = Debug|Any CPU
		{8ADF5C5D-1661-4712-9AEC-B4BDA680DEF5}.Release|Any CPU.ActiveCfg = Release|Any CPU
		{8ADF5C5D-1661-4712-9AEC-B4BDA680DEF5}.Release|Any CPU.Build.0 = Release|Any CPU
	EndGlobalSection
	GlobalSection(SolutionProperties) = preSolution
		HideSolutionNode = FALSE
	EndGlobalSection
	GlobalSection(ExtensibilityGlobals) = postSolution
		SolutionGuid = {550FB486-6C9F-47A3-AE43-7E53CA9D6ADF}
	EndGlobalSection
EndGlobal
