
Microsoft Visual Studio Solution File, Format Version 12.00
# Visual Studio 15
VisualStudioVersion = 15.0.27428.2002
MinimumVisualStudioVersion = 10.0.40219.1
Project("{FAE04EC0-301F-11D3-BF4B-00C04F79EFBC}") = "MonitoringSystem", "MonitoringSystem\MonitoringSystem.csproj", "{AA58B221-B830-4ADB-BCB6-F49A81F18333}"
EndProject
Global
	GlobalSection(SolutionConfigurationPlatforms) = preSolution
		Debug|Any CPU = Debug|Any CPU
		Release|Any CPU = Release|Any CPU
	EndGlobalSection
	GlobalSection(ProjectConfigurationPlatforms) = postSolution
		{AA58B221-B830-4ADB-BCB6-F49A81F18333}.Debug|Any CPU.ActiveCfg = Debug|Any CPU
		{AA58B221-B830-4ADB-BCB6-F49A81F18333}.Debug|Any CPU.Build.0 = Debug|Any CPU
		{AA58B221-B830-4ADB-BCB6-F49A81F18333}.Release|Any CPU.ActiveCfg = Release|Any CPU
		{AA58B221-B830-4ADB-BCB6-F49A81F18333}.Release|Any CPU.Build.0 = Release|Any CPU
	EndGlobalSection
	GlobalSection(SolutionProperties) = preSolution
		HideSolutionNode = FALSE
	EndGlobalSection
	GlobalSection(ExtensibilityGlobals) = postSolution
		SolutionGuid = {60FAA2B7-902E-40BC-B8F0-6FEE80055F59}
	EndGlobalSection
EndGlobal
