{
  "requires": true,
  "lockfileVersion": 1,
  "dependencies": {
    "react-portal-tooltip": {
      "version": "2.4.0",
      "resolved": "https://registry.npmjs.org/react-portal-tooltip/-/react-portal-tooltip-2.4.0.tgz",
      "integrity": "sha512-m0dxmsgX6Xv+fJDSt/tSsbu4NaFqOxchf9gTIZeZ5ZQzffqBCWarMuuUu4O/v4Yd2/1ERsY436sPze/4/04ddQ=="
    }
  }
}
